// !$*UTF8*$!
{
	archiveVersion = 1;
	classes = {
	};
	objectVersion = 46;
	objects = {

/* Begin PBXBuildFile section */
		9B1D91811DD37E35002F19D8 /* AppDelegate.swift in Sources */ = {isa = PBXBuildFile; fileRef = 9B1D91801DD37E35002F19D8 /* AppDelegate.swift */; };
		9B1D91831DD37E35002F19D8 /* ViewController.swift in Sources */ = {isa = PBXBuildFile; fileRef = 9B1D91821DD37E35002F19D8 /* ViewController.swift */; };
		9B1D91861DD37E35002F19D8 /* Main.storyboard in Resources */ = {isa = PBXBuildFile; fileRef = 9B1D91841DD37E35002F19D8 /* Main.storyboard */; };
		9B1D91891DD37E35002F19D8 /* moveProcedure.xcdatamodeld in Sources */ = {isa = PBXBuildFile; fileRef = 9B1D91871DD37E35002F19D8 /* moveProcedure.xcdatamodeld */; };
		9B1D918B1DD37E35002F19D8 /* Assets.xcassets in Resources */ = {isa = PBXBuildFile; fileRef = 9B1D918A1DD37E35002F19D8 /* Assets.xcassets */; };
		9B1D918E1DD37E35002F19D8 /* LaunchScreen.storyboard in Resources */ = {isa = PBXBuildFile; fileRef = 9B1D918C1DD37E35002F19D8 /* LaunchScreen.storyboard */; };
/* End PBXBuildFile section */

/* Begin PBXFileReference section */
		9B1D917D1DD37E35002F19D8 /* moveProcedure.app */ = {isa = PBXFileReference; explicitFileType = wrapper.application; includeInIndex = 0; path = moveProcedure.app; sourceTree = BUILT_PRODUCTS_DIR; };
		9B1D91801DD37E35002F19D8 /* AppDelegate.swift */ = {isa = PBXFileReference; lastKnownFileType = sourcecode.swift; path = AppDelegate.swift; sourceTree = "<group>"; };
		9B1D91821DD37E35002F19D8 /* ViewController.swift */ = {isa = PBXFileReference; lastKnownFileType = sourcecode.swift; path = ViewController.swift; sourceTree = "<group>"; };
		9B1D91851DD37E35002F19D8 /* Base */ = {isa = PBXFileReference; lastKnownFileType = file.storyboard; name = Base; path = Base.lproj/Main.storyboard; sourceTree = "<group>"; };
		9B1D91881DD37E35002F19D8 /* moveProcedure.xcdatamodel */ = {isa = PBXFileReference; lastKnownFileType = wrapper.xcdatamodel; path = moveProcedure.xcdatamodel; sourceTree = "<group>"; };
		9B1D918A1DD37E35002F19D8 /* Assets.xcassets */ = {isa = PBXFileReference; lastKnownFileType = folder.assetcatalog; path = Assets.xcassets; sourceTree = "<group>"; };
		9B1D918D1DD37E35002F19D8 /* Base */ = {isa = PBXFileReference; lastKnownFileType = file.storyboard; name = Base; path = Base.lproj/LaunchScreen.storyboard; sourceTree = "<group>"; };
		9B1D918F1DD37E35002F19D8 /* Info.plist */ = {isa = PBXFileReference; lastKnownFileType = text.plist.xml; path = Info.plist; sourceTree = "<group>"; };
/* End PBXFileReference section */

/* Begin PBXFrameworksBuildPhase section */
		9B1D917A1DD37E35002F19D8 /* Frameworks */ = {
			isa = PBXFrameworksBuildPhase;
			buildActionMask = 2147483647;
			files = (
			);
			runOnlyForDeploymentPostprocessing = 0;
		};
/* End PBXFrameworksBuildPhase section */

/* Begin PBXGroup section */
		9B1D91741DD37E35002F19D8 = {
			isa = PBXGroup;
			children = (
				9B1D917F1DD37E35002F19D8 /* moveProcedure */,
				9B1D917E1DD37E35002F19D8 /* Products */,
			);
			sourceTree = "<group>";
		};
		9B1D917E1DD37E35002F19D8 /* Products */ = {
			isa = PBXGroup;
			children = (
				9B1D917D1DD37E35002F19D8 /* moveProcedure.app */,
			);
			name = Products;
			sourceTree = "<group>";
		};
		9B1D917F1DD37E35002F19D8 /* moveProcedure */ = {
			isa = PBXGroup;
			children = (
				9B1D91801DD37E35002F19D8 /* AppDelegate.swift */,
				9B1D91821DD37E35002F19D8 /* ViewController.swift */,
				9B1D91841DD37E35002F19D8 /* Main.storyboard */,
				9B1D918A1DD37E35002F19D8 /* Assets.xcassets */,
				9B1D918C1DD37E35002F19D8 /* LaunchScreen.storyboard */,
				9B1D918F1DD37E35002F19D8 /* Info.plist */,
				9B1D91871DD37E35002F19D8 /* moveProcedure.xcdatamodeld */,
			);
			path = moveProcedure;
			sourceTree = "<group>";
		};
/* End PBXGroup section */

/* Begin PBXNativeTarget section */
		9B1D917C1DD37E35002F19D8 /* moveProcedure */ = {
			isa = PBXNativeTarget;
			buildConfigurationList = 9B1D91921DD37E35002F19D8 /* Build configuration list for PBXNativeTarget "moveProcedure" */;
			buildPhases = (
				9B1D91791DD37E35002F19D8 /* Sources */,
				9B1D917A1DD37E35002F19D8 /* Frameworks */,
				9B1D917B1DD37E35002F19D8 /* Resources */,
			);
			buildRules = (
			);
			dependencies = (
			);
			name = moveProcedure;
			productName = moveProcedure;
			productReference = 9B1D917D1DD37E35002F19D8 /* moveProcedure.app */;
			productType = "com.apple.product-type.application";
		};
/* End PBXNativeTarget section */

/* Begin PBXProject section */
		9B1D91751DD37E35002F19D8 /* Project object */ = {
			isa = PBXProject;
			attributes = {
				LastSwiftUpdateCheck = 0800;
				LastUpgradeCheck = 0800;
				ORGANIZATIONNAME = Sunny;
				TargetAttributes = {
					9B1D917C1DD37E35002F19D8 = {
						CreatedOnToolsVersion = 8.0;
						DevelopmentTeam = VJGEDW5SA9;
						ProvisioningStyle = Automatic;
					};
				};
			};
			buildConfigurationList = 9B1D91781DD37E35002F19D8 /* Build configuration list for PBXProject "moveProcedure" */;
			compatibilityVersion = "Xcode 3.2";
			developmentRegion = English;
			hasScannedForEncodings = 0;
			knownRegions = (
				en,
				Base,
			);
			mainGroup = 9B1D91741DD37E35002F19D8;
			productRefGroup = 9B1D917E1DD37E35002F19D8 /* Products */;
			projectDirPath = "";
			projectRoot = "";
			targets = (
				9B1D917C1DD37E35002F19D8 /* moveProcedure */,
			);
		};
/* End PBXProject section */

/* Begin PBXResourcesBuildPhase section */
		9B1D917B1DD37E35002F19D8 /* Resources */ = {
			isa = PBXResourcesBuildPhase;
			buildActionMask = 2147483647;
			files = (
				9B1D918E1DD37E35002F19D8 /* LaunchScreen.storyboard in Resources */,
				9B1D918B1DD37E35002F19D8 /* Assets.xcassets in Resources */,
				9B1D91861DD37E35002F19D8 /* Main.storyboard in Resources */,
			);
			runOnlyForDeploymentPostprocessing = 0;
		};
/* End PBXResourcesBuildPhase section */

/* Begin PBXSourcesBuildPhase section */
		9B1D91791DD37E35002F19D8 /* Sources */ = {
			isa = PBXSourcesBuildPhase;
			buildActionMask = 2147483647;
			files = (
				9B1D91831DD37E35002F19D8 /* ViewController.swift in Sources */,
				9B1D91811DD37E35002F19D8 /* AppDelegate.swift in Sources */,
				9B1D91891DD37E35002F19D8 /* moveProcedure.xcdatamodeld in Sources */,
			);
			runOnlyForDeploymentPostprocessing = 0;
		};
/* End PBXSourcesBuildPhase section */

/* Begin PBXVariantGroup section */
		9B1D91841DD37E35002F19D8 /* Main.storyboard */ = {
			isa = PBXVariantGroup;
			children = (
				9B1D91851DD37E35002F19D8 /* Base */,
			);
			name = Main.storyboard;
			sourceTree = "<group>";
		};
		9B1D918C1DD37E35002F19D8 /* LaunchScreen.storyboard */ = {
			isa = PBXVariantGroup;
			children = (
				9B1D918D1DD37E35002F19D8 /* Base */,
			);
			name = LaunchScreen.storyboard;
			sourceTree = "<group>";
		};
/* End PBXVariantGroup section */

/* Begin XCBuildConfiguration section */
		9B1D91901DD37E35002F19D8 /* Debug */ = {
			isa = XCBuildConfiguration;
			buildSettings = {
				ALWAYS_SEARCH_USER_PATHS = NO;
				CLANG_ANALYZER_NONNULL = YES;
				CLANG_CXX_LANGUAGE_STANDARD = "gnu++0x";
				CLANG_CXX_LIBRARY = "libc++";
				CLANG_ENABLE_MODULES = YES;
				CLANG_ENABLE_OBJC_ARC = YES;
				CLANG_WARN_BOOL_CONVERSION = YES;
				CLANG_WARN_CONSTANT_CONVERSION = YES;
				CLANG_WARN_DIRECT_OBJC_ISA_USAGE = YES_ERROR;
				CLANG_WARN_DOCUMENTATION_COMMENTS = YES;
				CLANG_WARN_EMPTY_BODY = YES;
				CLANG_WARN_ENUM_CONVERSION = YES;
				CLANG_WARN_INFINITE_RECURSION = YES;
				CLANG_WARN_INT_CONVERSION = YES;
				CLANG_WARN_OBJC_ROOT_CLASS = YES_ERROR;
				CLANG_WARN_SUSPICIOUS_MOVES = YES;
				CLANG_WARN_UNREACHABLE_CODE = YES;
				CLANG_WARN__DUPLICATE_METHOD_MATCH = YES;
				"CODE_SIGN_IDENTITY[sdk=iphoneos*]" = "iPhone Developer";
				COPY_PHASE_STRIP = NO;
				DEBUG_INFORMATION_FORMAT = dwarf;
				ENABLE_STRICT_OBJC_MSGSEND = YES;
				ENABLE_TESTABILITY = YES;
				GCC_C_LANGUAGE_STANDARD = gnu99;
				GCC_DYNAMIC_NO_PIC = NO;
				GCC_NO_COMMON_BLOCKS = YES;
				GCC_OPTIMIZATION_LEVEL = 0;
				GCC_PREPROCESSOR_DEFINITIONS = (
					"DEBUG=1",
					"$(inherited)",
				);
				GCC_WARN_64_TO_32_BIT_CONVERSION = YES;
				GCC_WARN_ABOUT_RETURN_TYPE = YES_ERROR;
				GCC_WARN_UNDECLARED_SELECTOR = YES;
				GCC_WARN_UNINITIALIZED_AUTOS = YES_AGGRESSIVE;
				GCC_WARN_UNUSED_FUNCTION = YES;
				GCC_WARN_UNUSED_VARIABLE = YES;
				IPHONEOS_DEPLOYMENT_TARGET = 10.0;
				MTL_ENABLE_DEBUG_INFO = YES;
				ONLY_ACTIVE_ARCH = YES;
				SDKROOT = iphoneos;
				SWIFT_ACTIVE_COMPILATION_CONDITIONS = DEBUG;
				SWIFT_OPTIMIZATION_LEVEL = "-Onone";
			};
			name = Debug;
		};
		9B1D91911DD37E35002F19D8 /* Release */ = {
			isa = XCBuildConfiguration;
			buildSettings = {
				ALWAYS_SEARCH_USER_PATHS = NO;
				CLANG_ANALYZER_NONNULL = YES;
				CLANG_CXX_LANGUAGE_STANDARD = "gnu++0x";
				CLANG_CXX_LIBRARY = "libc++";
				CLANG_ENABLE_MODULES = YES;
				CLANG_ENABLE_OBJC_ARC = YES;
				CLANG_WARN_BOOL_CONVERSION = YES;
				CLANG_WARN_CONSTANT_CONVERSION = YES;
				CLANG_WARN_DIRECT_OBJC_ISA_USAGE = YES_ERROR;
				CLANG_WARN_DOCUMENTATION_COMMENTS = YES;
				CLANG_WARN_EMPTY_BODY = YES;
				CLANG_WARN_ENUM_CONVERSION = YES;
				CLANG_WARN_INFINITE_RECURSION = YES;
				CLANG_WARN_INT_CONVERSION = YES;
				CLANG_WARN_OBJC_ROOT_CLASS = YES_ERROR;
				CLANG_WARN_SUSPICIOUS_MOVES = YES;
				CLANG_WARN_UNREACHABLE_CODE = YES;
				CLANG_WARN__DUPLICATE_METHOD_MATCH = YES;
				"CODE_SIGN_IDENTITY[sdk=iphoneos*]" = "iPhone Developer";
				COPY_PHASE_STRIP = NO;
				DEBUG_INFORMATION_FORMAT = "dwarf-with-dsym";
				ENABLE_NS_ASSERTIONS = NO;
				ENABLE_STRICT_OBJC_MSGSEND = YES;
				GCC_C_LANGUAGE_STANDARD = gnu99;
				GCC_NO_COMMON_BLOCKS = YES;
				GCC_WARN_64_TO_32_BIT_CONVERSION = YES;
				GCC_WARN_ABOUT_RETURN_TYPE = YES_ERROR;
				GCC_WARN_UNDECLARED_SELECTOR = YES;
				GCC_WARN_UNINITIALIZED_AUTOS = YES_AGGRESSIVE;
				GCC_WARN_UNUSED_FUNCTION = YES;
				GCC_WARN_UNUSED_VARIABLE = YES;
				IPHONEOS_DEPLOYMENT_TARGET = 10.0;
				MTL_ENABLE_DEBUG_INFO = NO;
				SDKROOT = iphoneos;
				SWIFT_OPTIMIZATION_LEVEL = "-Owholemodule";
				VALIDATE_PRODUCT = YES;
			};
			name = Release;
		};
		9B1D91931DD37E35002F19D8 /* Debug */ = {
			isa = XCBuildConfiguration;
			buildSettings = {
				ASSETCATALOG_COMPILER_APPICON_NAME = AppIcon;
				DEVELOPMENT_TEAM = VJGEDW5SA9;
				INFOPLIST_FILE = moveProcedure/Info.plist;
				LD_RUNPATH_SEARCH_PATHS = "$(inherited) @executable_path/Frameworks";
				PRODUCT_BUNDLE_IDENTIFIER = com.sunnyleeyun.moveProcedure;
				PRODUCT_NAME = "$(TARGET_NAME)";
				SWIFT_VERSION = 3.0;
			};
			name = Debug;
		};
		9B1D91941DD37E35002F19D8 /* Release */ = {
			isa = XCBuildConfiguration;
			buildSettings = {
				ASSETCATALOG_COMPILER_APPICON_NAME = AppIcon;
				DEVELOPMENT_TEAM = VJGEDW5SA9;
				INFOPLIST_FILE = moveProcedure/Info.plist;
				LD_RUNPATH_SEARCH_PATHS = "$(inherited) @executable_path/Frameworks";
				PRODUCT_BUNDLE_IDENTIFIER = com.sunnyleeyun.moveProcedure;
				PRODUCT_NAME = "$(TARGET_NAME)";
				SWIFT_VERSION = 3.0;
			};
			name = Release;
		};
/* End XCBuildConfiguration section */

/* Begin XCConfigurationList section */
		9B1D91781DD37E35002F19D8 /* Build configuration list for PBXProject "moveProcedure" */ = {
			isa = XCConfigurationList;
			buildConfigurations = (
				9B1D91901DD37E35002F19D8 /* Debug */,
				9B1D91911DD37E35002F19D8 /* Release */,
			);
			defaultConfigurationIsVisible = 0;
			defaultConfigurationName = Release;
		};
		9B1D91921DD37E35002F19D8 /* Build configuration list for PBXNativeTarget "moveProcedure" */ = {
			isa = XCConfigurationList;
			buildConfigurations = (
				9B1D91931DD37E35002F19D8 /* Debug */,
				9B1D91941DD37E35002F19D8 /* Release */,
			);
			defaultConfigurationIsVisible = 0;
		};
/* End XCConfigurationList section */

/* Begin XCVersionGroup section */
		9B1D91871DD37E35002F19D8 /* moveProcedure.xcdatamodeld */ = {
			isa = XCVersionGroup;
			children = (
				9B1D91881DD37E35002F19D8 /* moveProcedure.xcdatamodel */,
			);
			currentVersion = 9B1D91881DD37E35002F19D8 /* moveProcedure.xcdatamodel */;
			path = moveProcedure.xcdatamodeld;
			sourceTree = "<group>";
			versionGroupType = wrapper.xcdatamodel;
		};
/* End XCVersionGroup section */
	};
	rootObject = 9B1D91751DD37E35002F19D8 /* Project object */;
}
